
Microsoft Visual Studio Solution File, Format Version 12.00
# Visual Studio Version 17
VisualStudioVersion = 17.2.32630.192
MinimumVisualStudioVersion = 10.0.40219.1
Project("{9A19103F-16F7-4668-BE54-9A1E7A4F7556}") = "WebApplicationFinal", "WebApplicationFinal\WebApplicationFinal.csproj", "{15E2FBEF-DDAE-4395-AA89-4B2A129E84BA}"
EndProject
Project("{FAE04EC0-301F-11D3-BF4B-00C04F79EFBC}") = "ResturantFinal", "ResturantFinal\ResturantFinal.csproj", "{EB82C4C9-850F-46EE-AF72-796A168F89CF}"
EndProject
Global
	GlobalSection(SolutionConfigurationPlatforms) = preSolution
		Debug|Any CPU = Debug|Any CPU
		Release|Any CPU = Release|Any CPU
	EndGlobalSection
	GlobalSection(ProjectConfigurationPlatforms) = postSolution
		{15E2FBEF-DDAE-4395-AA89-4B2A129E84BA}.Debug|Any CPU.ActiveCfg = Debug|Any CPU
		{15E2FBEF-DDAE-4395-AA89-4B2A129E84BA}.Debug|Any CPU.Build.0 = Debug|Any CPU
		{15E2FBEF-DDAE-4395-AA89-4B2A129E84BA}.Release|Any CPU.ActiveCfg = Release|Any CPU
		{15E2FBEF-DDAE-4395-AA89-4B2A129E84BA}.Release|Any CPU.Build.0 = Release|Any CPU
		{EB82C4C9-850F-46EE-AF72-796A168F89CF}.Debug|Any CPU.ActiveCfg = Debug|Any CPU
		{EB82C4C9-850F-46EE-AF72-796A168F89CF}.Debug|Any CPU.Build.0 = Debug|Any CPU
		{EB82C4C9-850F-46EE-AF72-796A168F89CF}.Release|Any CPU.ActiveCfg = Release|Any CPU
		{EB82C4C9-850F-46EE-AF72-796A168F89CF}.Release|Any CPU.Build.0 = Release|Any CPU
	EndGlobalSection
	GlobalSection(SolutionProperties) = preSolution
		HideSolutionNode = FALSE
	EndGlobalSection
	GlobalSection(ExtensibilityGlobals) = postSolution
		SolutionGuid = {55209EBF-E1CE-414C-92A8-35200069AD3E}
	EndGlobalSection
EndGlobal
